
Microsoft Visual Studio Solution File, Format Version 12.00
# Visual Studio Version 16
VisualStudioVersion = 16.0.31402.337
MinimumVisualStudioVersion = 10.0.40219.1
Project("{9A19103F-16F7-4668-BE54-9A1E7A4F7556}") = "Moldovan_Andrea__Lab2", "Moldovan_Andrea__Lab2.csproj", "{648A0F00-EBE4-48D3-9B11-B0AC950B91D1}"
EndProject
Project("{FAE04EC0-301F-11D3-BF4B-00C04F79EFBC}") = "LibraryModel", "LibraryModel\LibraryModel.csproj", "{46AD4FDD-F8D4-44C3-B395-75560AD112F1}"
EndProject
Project("{FAE04EC0-301F-11D3-BF4B-00C04F79EFBC}") = "LibraryWebAPI", "LibraryWebAPI\LibraryWebAPI.csproj", "{5F6B6D25-8F66-4B88-83E1-88F24F2DC47E}"
EndProject
Global
	GlobalSection(SolutionConfigurationPlatforms) = preSolution
		Debug|Any CPU = Debug|Any CPU
		Release|Any CPU = Release|Any CPU
	EndGlobalSection
	GlobalSection(ProjectConfigurationPlatforms) = postSolution
		{648A0F00-EBE4-48D3-9B11-B0AC950B91D1}.Debug|Any CPU.ActiveCfg = Debug|Any CPU
		{648A0F00-EBE4-48D3-9B11-B0AC950B91D1}.Debug|Any CPU.Build.0 = Debug|Any CPU
		{648A0F00-EBE4-48D3-9B11-B0AC950B91D1}.Release|Any CPU.ActiveCfg = Release|Any CPU
		{648A0F00-EBE4-48D3-9B11-B0AC950B91D1}.Release|Any CPU.Build.0 = Release|Any CPU
		{46AD4FDD-F8D4-44C3-B395-75560AD112F1}.Debug|Any CPU.ActiveCfg = Debug|Any CPU
		{46AD4FDD-F8D4-44C3-B395-75560AD112F1}.Debug|Any CPU.Build.0 = Debug|Any CPU
		{46AD4FDD-F8D4-44C3-B395-75560AD112F1}.Release|Any CPU.ActiveCfg = Release|Any CPU
		{46AD4FDD-F8D4-44C3-B395-75560AD112F1}.Release|Any CPU.Build.0 = Release|Any CPU
		{5F6B6D25-8F66-4B88-83E1-88F24F2DC47E}.Debug|Any CPU.ActiveCfg = Debug|Any CPU
		{5F6B6D25-8F66-4B88-83E1-88F24F2DC47E}.Debug|Any CPU.Build.0 = Debug|Any CPU
		{5F6B6D25-8F66-4B88-83E1-88F24F2DC47E}.Release|Any CPU.ActiveCfg = Release|Any CPU
		{5F6B6D25-8F66-4B88-83E1-88F24F2DC47E}.Release|Any CPU.Build.0 = Release|Any CPU
	EndGlobalSection
	GlobalSection(SolutionProperties) = preSolution
		HideSolutionNode = FALSE
	EndGlobalSection
	GlobalSection(ExtensibilityGlobals) = postSolution
		SolutionGuid = {70CCAE2E-BFEB-43B6-8B63-AEEA3A148500}
	EndGlobalSection
EndGlobal
